
Microsoft Visual Studio Solution File, Format Version 12.00
# Visual Studio Version 18
VisualStudioVersion = 18.5.11716.220 stable
MinimumVisualStudioVersion = 10.0.40219.1
Project("{FAE04EC0-301F-11D3-BF4B-00C04F79EFBC}") = "LongestIncreasingSubsequence", "LongestIncreasingSubsequence\LongestIncreasingSubsequence.csproj", "{92F3F1B5-F203-4270-B397-11F4987E6C46}"
EndProject
Project("{FAE04EC0-301F-11D3-BF4B-00C04F79EFBC}") = "LongestIncreasingSubsequence.Tests", "LongestIncreasingSubsequence.Tests\LongestIncreasingSubsequence.Tests.csproj", "{C6F65C49-D77F-4D7D-981A-55F047D095F0}"
EndProject
Global
	GlobalSection(SolutionConfigurationPlatforms) = preSolution
		Debug|Any CPU = Debug|Any CPU
		Release|Any CPU = Release|Any CPU
	EndGlobalSection
	GlobalSection(ProjectConfigurationPlatforms) = postSolution
		{92F3F1B5-F203-4270-B397-11F4987E6C46}.Debug|Any CPU.ActiveCfg = Debug|Any CPU
		{92F3F1B5-F203-4270-B397-11F4987E6C46}.Debug|Any CPU.Build.0 = Debug|Any CPU
		{92F3F1B5-F203-4270-B397-11F4987E6C46}.Release|Any CPU.ActiveCfg = Release|Any CPU
		{92F3F1B5-F203-4270-B397-11F4987E6C46}.Release|Any CPU.Build.0 = Release|Any CPU
		{C6F65C49-D77F-4D7D-981A-55F047D095F0}.Debug|Any CPU.ActiveCfg = Debug|Any CPU
		{C6F65C49-D77F-4D7D-981A-55F047D095F0}.Debug|Any CPU.Build.0 = Debug|Any CPU
		{C6F65C49-D77F-4D7D-981A-55F047D095F0}.Release|Any CPU.ActiveCfg = Release|Any CPU
		{C6F65C49-D77F-4D7D-981A-55F047D095F0}.Release|Any CPU.Build.0 = Release|Any CPU
	EndGlobalSection
	GlobalSection(SolutionProperties) = preSolution
		HideSolutionNode = FALSE
	EndGlobalSection
	GlobalSection(ExtensibilityGlobals) = postSolution
		SolutionGuid = {22DC28CD-71F3-409A-9459-7F0A2754F946}
	EndGlobalSection
EndGlobal
